// !$*UTF8*$!
{
	archiveVersion = 1;
	classes = {
	};
	objectVersion = 77;
	objects = {

/* Begin PBXBuildFile section */
		01CF0850F3E21C5572092741 /* BriefingLiveParityTests.swift in Sources */ = {isa = PBXBuildFile; fileRef = 5F64A55A83BA620972A564C4 /* BriefingLiveParityTests.swift */; };
		04B033270FE8D419879794E6 /* LibraryHoursTests.swift in Sources */ = {isa = PBXBuildFile; fileRef = A1CCE7FF6529F92BF0ADD2D5 /* LibraryHoursTests.swift */; };
		0995C256534991673A7514B5 /* FeedPolishTests.swift in Sources */ = {isa = PBXBuildFile; fileRef = AD2769939BDF7BEFA67C36AF /* FeedPolishTests.swift */; };
		0A8FAB535B2E7CFA19B624E9 /* FeedLowerModuleStatesTests.swift in Sources */ = {isa = PBXBuildFile; fileRef = 120E1ACBD0842811D1214679 /* FeedLowerModuleStatesTests.swift */; };
		113ECFA0DF9F126A677B09A3 /* UtilityCustomizeSheetSeedTests.swift in Sources */ = {isa = PBXBuildFile; fileRef = CD06A519DEAA1CE7383312F9 /* UtilityCustomizeSheetSeedTests.swift */; };
		1822BF87E3339C1055A78EA3 /* YourDayLogicTests.swift in Sources */ = {isa = PBXBuildFile; fileRef = CD24EB3E8F0A7A2B6F990414 /* YourDayLogicTests.swift */; };
		19E31A1B53D4417494535231 /* UtilityRowModelTests.swift in Sources */ = {isa = PBXBuildFile; fileRef = 19E31A1A53D4417494535231 /* UtilityRowModelTests.swift */; };
		3E4F06DF0449C98F75730B69 /* UtilityPrefsCodecTests.swift in Sources */ = {isa = PBXBuildFile; fileRef = 5A0CDA30E8D9919A9A757BB4 /* UtilityPrefsCodecTests.swift */; };
		3E8DE9DCDAC77E28EBD74B94 /* TriviaTests.swift in Sources */ = {isa = PBXBuildFile; fileRef = E3724B352D9364BA97D7C955 /* TriviaTests.swift */; };
		4B67EA2F2EDCCCEA36CDDF03 /* TownNotesTests.swift in Sources */ = {isa = PBXBuildFile; fileRef = 08F86F32819089BFCFD7822E /* TownNotesTests.swift */; };
		4C81E5476FCD47D8D9255B67 /* HorizonPaletteTests.swift in Sources */ = {isa = PBXBuildFile; fileRef = C80F230CD76D9EE195C14B02 /* HorizonPaletteTests.swift */; };
		601CE2FFEC4A8CF9FC1EEDB0 /* Foundation.framework in Frameworks */ = {isa = PBXBuildFile; fileRef = 42A092CAAEC9643A72B2B683 /* Foundation.framework */; };
		71AF89BE942262B267E9EED5 /* BriefingModelTests.swift in Sources */ = {isa = PBXBuildFile; fileRef = 5A3955AC9247867FF5BA1693 /* BriefingModelTests.swift */; };
		729B158B317B49C480E0BAA2 /* HorizonDayTests.swift in Sources */ = {isa = PBXBuildFile; fileRef = D2156DCA9C1C4482E9282DBD /* HorizonDayTests.swift */; };
		75026A6523E933F77B9D1599 /* TownTimezoneTests.swift in Sources */ = {isa = PBXBuildFile; fileRef = FCE178E8E9CAEDC7860D5827 /* TownTimezoneTests.swift */; };
		79234E27AF12510D6753B893 /* TownRainPhysicsTests.swift in Sources */ = {isa = PBXBuildFile; fileRef = CFD668B9346E5F64FA381974 /* TownRainPhysicsTests.swift */; };
		847E1C121AFB0ED4DA1097B3 /* GarbageScheduleTests.swift in Sources */ = {isa = PBXBuildFile; fileRef = 22F2FD6B26B33048FB6F1F3A /* GarbageScheduleTests.swift */; };
		89F28F368D5E70E326802B9B /* UtilityContrastTests.swift in Sources */ = {isa = PBXBuildFile; fileRef = A4DA0E62B9E16C5F6FED195E /* UtilityContrastTests.swift */; };
		8D66765DBC1A2AB48CEFB070 /* FakeTokenProvider.swift in Sources */ = {isa = PBXBuildFile; fileRef = 638DB9DE7EC40B8F6418B2D4 /* FakeTokenProvider.swift */; };
		8EC424DF977B5FDCE197B209 /* ForYouTests.swift in Sources */ = {isa = PBXBuildFile; fileRef = 680827269BDA4EBBD2D74C6D /* ForYouTests.swift */; };
		9604D65B53F241B6EA2E1852 /* SolarSkyTests.swift in Sources */ = {isa = PBXBuildFile; fileRef = E6DC1AD88815594BD1764E2E /* SolarSkyTests.swift */; };
		9E1E5CDB5E044E3D151C77A8 /* AlmanacMastheadLogicTests.swift in Sources */ = {isa = PBXBuildFile; fileRef = EB2701AAAE8165C6B77E46D3 /* AlmanacMastheadLogicTests.swift */; };
		A688BC56EA0CA22D63BA973E /* BriefingFeelTests.swift in Sources */ = {isa = PBXBuildFile; fileRef = DA1673803CC241000ECD1272 /* BriefingFeelTests.swift */; };
		B6C236A36489EE42D5FD978E /* TimeAxisTests.swift in Sources */ = {isa = PBXBuildFile; fileRef = 941C87F2C3562D52202CD705 /* TimeAxisTests.swift */; };
		B8092026B10C4D5E6F708192 /* WeeklySpotlightTests.swift in Sources */ = {isa = PBXBuildFile; fileRef = A8092026B10C4D5E6F708192 /* WeeklySpotlightTests.swift */; };
		B93B30CB1F0DB08EE2B0774C /* TodayHeaderTests.swift in Sources */ = {isa = PBXBuildFile; fileRef = 54675C405CE976030D232288 /* TodayHeaderTests.swift */; };
		C7DF169CE8FD785FF1AAABDD /* UtilityTileVisualTests.swift in Sources */ = {isa = PBXBuildFile; fileRef = D9BA99115273BA31F2456961 /* UtilityTileVisualTests.swift */; };
		D4047AF050C8A6F5869201BA /* UtilityProviderTests.swift in Sources */ = {isa = PBXBuildFile; fileRef = EB88173306B6B0A3F645D705 /* UtilityProviderTests.swift */; };
		D495BE6ED22C8103E4181099 /* UtilityRowMotionTests.swift in Sources */ = {isa = PBXBuildFile; fileRef = 97DD2A9A6776E3A8E6527A8A /* UtilityRowMotionTests.swift */; };
		D8D2FFD575A31FD3CE783B52 /* BriefingPayloadTests.swift in Sources */ = {isa = PBXBuildFile; fileRef = 5CE60BAD43531FC35F77B15F /* BriefingPayloadTests.swift */; };
		EBD0A26B2FF82901009CD00C /* MapboxMaps in Frameworks */ = {isa = PBXBuildFile; productRef = EBD0A26A2FF82901009CD00C /* MapboxMaps */; };
		EE09772EAB1CE87343E23F11 /* OnboardingFlowTests.swift in Sources */ = {isa = PBXBuildFile; fileRef = C5EBDB149EB0DA570CE276CE /* OnboardingFlowTests.swift */; };
		F0B0F88446D770042B52B58F /* DateHelpersTests.swift in Sources */ = {isa = PBXBuildFile; fileRef = CB5E7B2FE663BE791435EB12 /* DateHelpersTests.swift */; };
		FB882E67340F37160B99F7C3 /* FeedRegistryTests.swift in Sources */ = {isa = PBXBuildFile; fileRef = 9A83C1D16EF94DFC329A188B /* FeedRegistryTests.swift */; };
/* End PBXBuildFile section */

/* Begin PBXContainerItemProxy section */
		932A9E0B29CC85CC6367B650 /* PBXContainerItemProxy */ = {
			isa = PBXContainerItemProxy;
			containerPortal = EBBFA6E82FF473FB00A2EDB1 /* Project object */;
			proxyType = 1;
			remoteGlobalIDString = EBBFA6EF2FF473FB00A2EDB1;
			remoteInfo = BlockParty;
		};
/* End PBXContainerItemProxy section */

/* Begin PBXFileReference section */
		08F86F32819089BFCFD7822E /* TownNotesTests.swift */ = {isa = PBXFileReference; includeInIndex = 1; lastKnownFileType = sourcecode.swift; name = TownNotesTests.swift; path = BlockPartyTests/TownNotesTests.swift; sourceTree = "<group>"; };
		120E1ACBD0842811D1214679 /* FeedLowerModuleStatesTests.swift */ = {isa = PBXFileReference; includeInIndex = 1; lastKnownFileType = sourcecode.swift; name = FeedLowerModuleStatesTests.swift; path = BlockPartyTests/FeedLowerModuleStatesTests.swift; sourceTree = "<group>"; };
		19E31A1A53D4417494535231 /* UtilityRowModelTests.swift */ = {isa = PBXFileReference; includeInIndex = 1; lastKnownFileType = sourcecode.swift; name = UtilityRowModelTests.swift; path = BlockPartyTests/UtilityRowModelTests.swift; sourceTree = "<group>"; };
		22F2FD6B26B33048FB6F1F3A /* GarbageScheduleTests.swift */ = {isa = PBXFileReference; includeInIndex = 1; lastKnownFileType = sourcecode.swift; name = GarbageScheduleTests.swift; path = BlockPartyTests/GarbageScheduleTests.swift; sourceTree = "<group>"; };
		42A092CAAEC9643A72B2B683 /* Foundation.framework */ = {isa = PBXFileReference; lastKnownFileType = wrapper.framework; name = Foundation.framework; path = Platforms/iPhoneOS.platform/Developer/SDKs/iPhoneOS26.0.sdk/System/Library/Frameworks/Foundation.framework; sourceTree = DEVELOPER_DIR; };
		54675C405CE976030D232288 /* TodayHeaderTests.swift */ = {isa = PBXFileReference; includeInIndex = 1; lastKnownFileType = sourcecode.swift; name = TodayHeaderTests.swift; path = BlockPartyTests/TodayHeaderTests.swift; sourceTree = "<group>"; };
		5A0CDA30E8D9919A9A757BB4 /* UtilityPrefsCodecTests.swift */ = {isa = PBXFileReference; includeInIndex = 1; lastKnownFileType = sourcecode.swift; name = UtilityPrefsCodecTests.swift; path = BlockPartyTests/UtilityPrefsCodecTests.swift; sourceTree = "<group>"; };
		5A3955AC9247867FF5BA1693 /* BriefingModelTests.swift */ = {isa = PBXFileReference; includeInIndex = 1; lastKnownFileType = sourcecode.swift; name = BriefingModelTests.swift; path = BlockPartyTests/BriefingModelTests.swift; sourceTree = "<group>"; };
		5CE60BAD43531FC35F77B15F /* BriefingPayloadTests.swift */ = {isa = PBXFileReference; includeInIndex = 1; lastKnownFileType = sourcecode.swift; name = BriefingPayloadTests.swift; path = BlockPartyTests/BriefingPayloadTests.swift; sourceTree = "<group>"; };
		5F64A55A83BA620972A564C4 /* BriefingLiveParityTests.swift */ = {isa = PBXFileReference; includeInIndex = 1; lastKnownFileType = sourcecode.swift; name = BriefingLiveParityTests.swift; path = BlockPartyTests/BriefingLiveParityTests.swift; sourceTree = "<group>"; };
		638DB9DE7EC40B8F6418B2D4 /* FakeTokenProvider.swift */ = {isa = PBXFileReference; includeInIndex = 1; lastKnownFileType = sourcecode.swift; name = FakeTokenProvider.swift; path = BlockPartyTests/FakeTokenProvider.swift; sourceTree = "<group>"; };
		680827269BDA4EBBD2D74C6D /* ForYouTests.swift */ = {isa = PBXFileReference; includeInIndex = 1; lastKnownFileType = sourcecode.swift; name = ForYouTests.swift; path = BlockPartyTests/ForYouTests.swift; sourceTree = "<group>"; };
		941C87F2C3562D52202CD705 /* TimeAxisTests.swift */ = {isa = PBXFileReference; includeInIndex = 1; lastKnownFileType = sourcecode.swift; path = BlockPartyTests/TimeAxisTests.swift; sourceTree = "<group>"; };
		97DD2A9A6776E3A8E6527A8A /* UtilityRowMotionTests.swift */ = {isa = PBXFileReference; includeInIndex = 1; lastKnownFileType = sourcecode.swift; name = UtilityRowMotionTests.swift; path = BlockPartyTests/UtilityRowMotionTests.swift; sourceTree = "<group>"; };
		9A83C1D16EF94DFC329A188B /* FeedRegistryTests.swift */ = {isa = PBXFileReference; includeInIndex = 1; lastKnownFileType = sourcecode.swift; name = FeedRegistryTests.swift; path = BlockPartyTests/FeedRegistryTests.swift; sourceTree = "<group>"; };
		A1CCE7FF6529F92BF0ADD2D5 /* LibraryHoursTests.swift */ = {isa = PBXFileReference; includeInIndex = 1; lastKnownFileType = sourcecode.swift; name = LibraryHoursTests.swift; path = BlockPartyTests/LibraryHoursTests.swift; sourceTree = "<group>"; };
		A4DA0E62B9E16C5F6FED195E /* UtilityContrastTests.swift */ = {isa = PBXFileReference; includeInIndex = 1; lastKnownFileType = sourcecode.swift; name = UtilityContrastTests.swift; path = BlockPartyTests/UtilityContrastTests.swift; sourceTree = "<group>"; };
		A8092026B10C4D5E6F708192 /* WeeklySpotlightTests.swift */ = {isa = PBXFileReference; includeInIndex = 1; lastKnownFileType = sourcecode.swift; name = WeeklySpotlightTests.swift; path = BlockPartyTests/WeeklySpotlightTests.swift; sourceTree = "<group>"; };
		AD2769939BDF7BEFA67C36AF /* FeedPolishTests.swift */ = {isa = PBXFileReference; includeInIndex = 1; lastKnownFileType = sourcecode.swift; name = FeedPolishTests.swift; path = BlockPartyTests/FeedPolishTests.swift; sourceTree = "<group>"; };
		B5F7E6B19BACA2FDE7BCD206 /* BlockPartyTests.xctest */ = {isa = PBXFileReference; explicitFileType = wrapper.cfbundle; includeInIndex = 0; path = BlockPartyTests.xctest; sourceTree = BUILT_PRODUCTS_DIR; };
		C5EBDB149EB0DA570CE276CE /* OnboardingFlowTests.swift */ = {isa = PBXFileReference; includeInIndex = 1; lastKnownFileType = sourcecode.swift; name = OnboardingFlowTests.swift; path = BlockPartyTests/OnboardingFlowTests.swift; sourceTree = "<group>"; };
		C80F230CD76D9EE195C14B02 /* HorizonPaletteTests.swift */ = {isa = PBXFileReference; includeInIndex = 1; lastKnownFileType = sourcecode.swift; path = BlockPartyTests/HorizonPaletteTests.swift; sourceTree = "<group>"; };
		CB5E7B2FE663BE791435EB12 /* DateHelpersTests.swift */ = {isa = PBXFileReference; includeInIndex = 1; lastKnownFileType = sourcecode.swift; name = DateHelpersTests.swift; path = BlockPartyTests/DateHelpersTests.swift; sourceTree = "<group>"; };
		CD06A519DEAA1CE7383312F9 /* UtilityCustomizeSheetSeedTests.swift */ = {isa = PBXFileReference; includeInIndex = 1; lastKnownFileType = sourcecode.swift; name = UtilityCustomizeSheetSeedTests.swift; path = BlockPartyTests/UtilityCustomizeSheetSeedTests.swift; sourceTree = "<group>"; };
		CD24EB3E8F0A7A2B6F990414 /* YourDayLogicTests.swift */ = {isa = PBXFileReference; includeInIndex = 1; lastKnownFileType = sourcecode.swift; name = YourDayLogicTests.swift; path = BlockPartyTests/YourDayLogicTests.swift; sourceTree = "<group>"; };
		CFD668B9346E5F64FA381974 /* TownRainPhysicsTests.swift */ = {isa = PBXFileReference; includeInIndex = 1; lastKnownFileType = sourcecode.swift; name = TownRainPhysicsTests.swift; path = BlockPartyTests/TownRainPhysicsTests.swift; sourceTree = "<group>"; };
		D2156DCA9C1C4482E9282DBD /* HorizonDayTests.swift */ = {isa = PBXFileReference; includeInIndex = 1; lastKnownFileType = sourcecode.swift; name = HorizonDayTests.swift; path = BlockPartyTests/HorizonDayTests.swift; sourceTree = "<group>"; };
		D9BA99115273BA31F2456961 /* UtilityTileVisualTests.swift */ = {isa = PBXFileReference; includeInIndex = 1; lastKnownFileType = sourcecode.swift; name = UtilityTileVisualTests.swift; path = BlockPartyTests/UtilityTileVisualTests.swift; sourceTree = "<group>"; };
		DA1673803CC241000ECD1272 /* BriefingFeelTests.swift */ = {isa = PBXFileReference; includeInIndex = 1; lastKnownFileType = sourcecode.swift; name = BriefingFeelTests.swift; path = BlockPartyTests/BriefingFeelTests.swift; sourceTree = "<group>"; };
		E3724B352D9364BA97D7C955 /* TriviaTests.swift */ = {isa = PBXFileReference; includeInIndex = 1; lastKnownFileType = sourcecode.swift; name = TriviaTests.swift; path = BlockPartyTests/TriviaTests.swift; sourceTree = "<group>"; };
		E6DC1AD88815594BD1764E2E /* SolarSkyTests.swift */ = {isa = PBXFileReference; includeInIndex = 1; lastKnownFileType = sourcecode.swift; path = BlockPartyTests/SolarSkyTests.swift; sourceTree = "<group>"; };
		EB2701AAAE8165C6B77E46D3 /* AlmanacMastheadLogicTests.swift */ = {isa = PBXFileReference; includeInIndex = 1; lastKnownFileType = sourcecode.swift; name = AlmanacMastheadLogicTests.swift; path = BlockPartyTests/AlmanacMastheadLogicTests.swift; sourceTree = "<group>"; };
		EB88173306B6B0A3F645D705 /* UtilityProviderTests.swift */ = {isa = PBXFileReference; includeInIndex = 1; lastKnownFileType = sourcecode.swift; name = UtilityProviderTests.swift; path = BlockPartyTests/UtilityProviderTests.swift; sourceTree = "<group>"; };
		EBA9254B30229AA500E64CA5 /* BlockParty.xctestplan */ = {isa = PBXFileReference; lastKnownFileType = text; path = BlockParty.xctestplan; sourceTree = "<group>"; };
		EBBFA6F02FF473FB00A2EDB1 /* BlockParty.app */ = {isa = PBXFileReference; explicitFileType = wrapper.application; includeInIndex = 0; path = BlockParty.app; sourceTree = BUILT_PRODUCTS_DIR; };
		FCE178E8E9CAEDC7860D5827 /* TownTimezoneTests.swift */ = {isa = PBXFileReference; includeInIndex = 1; lastKnownFileType = sourcecode.swift; name = TownTimezoneTests.swift; path = BlockPartyTests/TownTimezoneTests.swift; sourceTree = "<group>"; };
/* End PBXFileReference section */

/* Begin PBXFileSystemSynchronizedRootGroup section */
		EBBFA6F22FF473FB00A2EDB1 /* BlockParty */ = {
			isa = PBXFileSystemSynchronizedRootGroup;
			exceptions = (
			);
			path = BlockParty;
			sourceTree = "<group>";
		};
/* End PBXFileSystemSynchronizedRootGroup section */

/* Begin PBXFrameworksBuildPhase section */
		18D6399AE30D8EC95E537D3A /* Frameworks */ = {
			isa = PBXFrameworksBuildPhase;
			buildActionMask = 2147483647;
			files = (
				601CE2FFEC4A8CF9FC1EEDB0 /* Foundation.framework in Frameworks */,
			);
			runOnlyForDeploymentPostprocessing = 0;
		};
		EBBFA6ED2FF473FB00A2EDB1 /* Frameworks */ = {
			isa = PBXFrameworksBuildPhase;
			buildActionMask = 2147483647;
			files = (
				EBD0A26B2FF82901009CD00C /* MapboxMaps in Frameworks */,
			);
			runOnlyForDeploymentPostprocessing = 0;
		};
/* End PBXFrameworksBuildPhase section */

/* Begin PBXGroup section */
		2F4FD3C53C18F79A47EFF42D /* iOS */ = {
			isa = PBXGroup;
			children = (
				42A092CAAEC9643A72B2B683 /* Foundation.framework */,
			);
			name = iOS;
			sourceTree = "<group>";
		};
		C522105DDBD15055BA688161 /* BlockPartyTests */ = {
			isa = PBXGroup;
			children = (
				CFD668B9346E5F64FA381974 /* TownRainPhysicsTests.swift */,
				EB2701AAAE8165C6B77E46D3 /* AlmanacMastheadLogicTests.swift */,
				CD24EB3E8F0A7A2B6F990414 /* YourDayLogicTests.swift */,
				08F86F32819089BFCFD7822E /* TownNotesTests.swift */,
				680827269BDA4EBBD2D74C6D /* ForYouTests.swift */,
				E3724B352D9364BA97D7C955 /* TriviaTests.swift */,
				120E1ACBD0842811D1214679 /* FeedLowerModuleStatesTests.swift */,
				AD2769939BDF7BEFA67C36AF /* FeedPolishTests.swift */,
				E6DC1AD88815594BD1764E2E /* SolarSkyTests.swift */,
				941C87F2C3562D52202CD705 /* TimeAxisTests.swift */,
				C80F230CD76D9EE195C14B02 /* HorizonPaletteTests.swift */,
				D2156DCA9C1C4482E9282DBD /* HorizonDayTests.swift */,
			);
			name = BlockPartyTests;
			sourceTree = "<group>";
		};
		E7FE0881930605D74E08E04E /* Frameworks */ = {
			isa = PBXGroup;
			children = (
				2F4FD3C53C18F79A47EFF42D /* iOS */,
			);
			name = Frameworks;
			sourceTree = "<group>";
		};
		EBBFA6E72FF473FB00A2EDB1 = {
			isa = PBXGroup;
			children = (
				EBA9254B30229AA500E64CA5 /* BlockParty.xctestplan */,
				EBBFA6F22FF473FB00A2EDB1 /* BlockParty */,
				EBBFA6F12FF473FB00A2EDB1 /* Products */,
				E7FE0881930605D74E08E04E /* Frameworks */,
				19E31A1A53D4417494535231 /* UtilityRowModelTests.swift */,
				EB88173306B6B0A3F645D705 /* UtilityProviderTests.swift */,
				97DD2A9A6776E3A8E6527A8A /* UtilityRowMotionTests.swift */,
				D9BA99115273BA31F2456961 /* UtilityTileVisualTests.swift */,
				54675C405CE976030D232288 /* TodayHeaderTests.swift */,
				A4DA0E62B9E16C5F6FED195E /* UtilityContrastTests.swift */,
				A8092026B10C4D5E6F708192 /* WeeklySpotlightTests.swift */,
				FCE178E8E9CAEDC7860D5827 /* TownTimezoneTests.swift */,
				CD06A519DEAA1CE7383312F9 /* UtilityCustomizeSheetSeedTests.swift */,
				CB5E7B2FE663BE791435EB12 /* DateHelpersTests.swift */,
				638DB9DE7EC40B8F6418B2D4 /* FakeTokenProvider.swift */,
				22F2FD6B26B33048FB6F1F3A /* GarbageScheduleTests.swift */,
				A1CCE7FF6529F92BF0ADD2D5 /* LibraryHoursTests.swift */,
				5A0CDA30E8D9919A9A757BB4 /* UtilityPrefsCodecTests.swift */,
				C5EBDB149EB0DA570CE276CE /* OnboardingFlowTests.swift */,
				5CE60BAD43531FC35F77B15F /* BriefingPayloadTests.swift */,
				5A3955AC9247867FF5BA1693 /* BriefingModelTests.swift */,
				DA1673803CC241000ECD1272 /* BriefingFeelTests.swift */,
				5F64A55A83BA620972A564C4 /* BriefingLiveParityTests.swift */,
				C522105DDBD15055BA688161 /* BlockPartyTests */,
				9A83C1D16EF94DFC329A188B /* FeedRegistryTests.swift */,
			);
			sourceTree = "<group>";
		};
		EBBFA6F12FF473FB00A2EDB1 /* Products */ = {
			isa = PBXGroup;
			children = (
				EBBFA6F02FF473FB00A2EDB1 /* BlockParty.app */,
				B5F7E6B19BACA2FDE7BCD206 /* BlockPartyTests.xctest */,
			);
			name = Products;
			sourceTree = "<group>";
		};
/* End PBXGroup section */

/* Begin PBXNativeTarget section */
		C37D6EF8B55ED807A10489A7 /* BlockPartyTests */ = {
			isa = PBXNativeTarget;
			buildConfigurationList = 08BBA07F3B1CD990870E35D5 /* Build configuration list for PBXNativeTarget "BlockPartyTests" */;
			buildPhases = (
				DF43239D319731EE580EEDFA /* Sources */,
				18D6399AE30D8EC95E537D3A /* Frameworks */,
				BE4D008102CF4D90BCBA4088 /* Resources */,
			);
			buildRules = (
			);
			dependencies = (
				3FB32C2F1333A17E94A4C905 /* PBXTargetDependency */,
			);
			name = BlockPartyTests;
			productName = BlockPartyTests;
			productReference = B5F7E6B19BACA2FDE7BCD206 /* BlockPartyTests.xctest */;
			productType = "com.apple.product-type.bundle.unit-test";
		};
		EBBFA6EF2FF473FB00A2EDB1 /* BlockParty */ = {
			isa = PBXNativeTarget;
			buildConfigurationList = EBBFA6FB2FF473FD00A2EDB1 /* Build configuration list for PBXNativeTarget "BlockParty" */;
			buildPhases = (
				EBBFA6EC2FF473FB00A2EDB1 /* Sources */,
				EBBFA6ED2FF473FB00A2EDB1 /* Frameworks */,
				EBBFA6EE2FF473FB00A2EDB1 /* Resources */,
			);
			buildRules = (
			);
			dependencies = (
			);
			fileSystemSynchronizedGroups = (
				EBBFA6F22FF473FB00A2EDB1 /* BlockParty */,
			);
			name = BlockParty;
			packageProductDependencies = (
				EBD0A26A2FF82901009CD00C /* MapboxMaps */,
			);
			productName = BlockParty;
			productReference = EBBFA6F02FF473FB00A2EDB1 /* BlockParty.app */;
			productType = "com.apple.product-type.application";
		};
/* End PBXNativeTarget section */

/* Begin PBXProject section */
		EBBFA6E82FF473FB00A2EDB1 /* Project object */ = {
			isa = PBXProject;
			attributes = {
				BuildIndependentTargetsInParallel = 1;
				LastSwiftUpdateCheck = 2660;
				LastUpgradeCheck = 2660;
				TargetAttributes = {
					EBBFA6EF2FF473FB00A2EDB1 = {
						CreatedOnToolsVersion = 26.6;
					};
				};
			};
			buildConfigurationList = EBBFA6EB2FF473FB00A2EDB1 /* Build configuration list for PBXProject "BlockParty" */;
			developmentRegion = en;
			hasScannedForEncodings = 0;
			knownRegions = (
				en,
				Base,
			);
			mainGroup = EBBFA6E72FF473FB00A2EDB1;
			minimizedProjectReferenceProxies = 1;
			packageReferences = (
				EBD0A2692FF82901009CD00C /* XCRemoteSwiftPackageReference "mapbox-maps-ios" */,
			);
			preferredProjectObjectVersion = 77;
			productRefGroup = EBBFA6F12FF473FB00A2EDB1 /* Products */;
			projectDirPath = "";
			projectRoot = "";
			targets = (
				EBBFA6EF2FF473FB00A2EDB1 /* BlockParty */,
				C37D6EF8B55ED807A10489A7 /* BlockPartyTests */,
			);
		};
/* End PBXProject section */

/* Begin PBXResourcesBuildPhase section */
		BE4D008102CF4D90BCBA4088 /* Resources */ = {
			isa = PBXResourcesBuildPhase;
			buildActionMask = 2147483647;
			files = (
			);
			runOnlyForDeploymentPostprocessing = 0;
		};
		EBBFA6EE2FF473FB00A2EDB1 /* Resources */ = {
			isa = PBXResourcesBuildPhase;
			buildActionMask = 2147483647;
			files = (
			);
			runOnlyForDeploymentPostprocessing = 0;
		};
/* End PBXResourcesBuildPhase section */

/* Begin PBXSourcesBuildPhase section */
		DF43239D319731EE580EEDFA /* Sources */ = {
			isa = PBXSourcesBuildPhase;
			buildActionMask = 2147483647;
			files = (
				19E31A1B53D4417494535231 /* UtilityRowModelTests.swift in Sources */,
				D4047AF050C8A6F5869201BA /* UtilityProviderTests.swift in Sources */,
				D495BE6ED22C8103E4181099 /* UtilityRowMotionTests.swift in Sources */,
				C7DF169CE8FD785FF1AAABDD /* UtilityTileVisualTests.swift in Sources */,
				B93B30CB1F0DB08EE2B0774C /* TodayHeaderTests.swift in Sources */,
				89F28F368D5E70E326802B9B /* UtilityContrastTests.swift in Sources */,
				75026A6523E933F77B9D1599 /* TownTimezoneTests.swift in Sources */,
				113ECFA0DF9F126A677B09A3 /* UtilityCustomizeSheetSeedTests.swift in Sources */,
				F0B0F88446D770042B52B58F /* DateHelpersTests.swift in Sources */,
				8D66765DBC1A2AB48CEFB070 /* FakeTokenProvider.swift in Sources */,
				847E1C121AFB0ED4DA1097B3 /* GarbageScheduleTests.swift in Sources */,
				04B033270FE8D419879794E6 /* LibraryHoursTests.swift in Sources */,
				3E4F06DF0449C98F75730B69 /* UtilityPrefsCodecTests.swift in Sources */,
				EE09772EAB1CE87343E23F11 /* OnboardingFlowTests.swift in Sources */,
				D8D2FFD575A31FD3CE783B52 /* BriefingPayloadTests.swift in Sources */,
				71AF89BE942262B267E9EED5 /* BriefingModelTests.swift in Sources */,
				A688BC56EA0CA22D63BA973E /* BriefingFeelTests.swift in Sources */,
				B8092026B10C4D5E6F708192 /* WeeklySpotlightTests.swift in Sources */,
				01CF0850F3E21C5572092741 /* BriefingLiveParityTests.swift in Sources */,
				79234E27AF12510D6753B893 /* TownRainPhysicsTests.swift in Sources */,
				FB882E67340F37160B99F7C3 /* FeedRegistryTests.swift in Sources */,
				9E1E5CDB5E044E3D151C77A8 /* AlmanacMastheadLogicTests.swift in Sources */,
				1822BF87E3339C1055A78EA3 /* YourDayLogicTests.swift in Sources */,
				4B67EA2F2EDCCCEA36CDDF03 /* TownNotesTests.swift in Sources */,
				8EC424DF977B5FDCE197B209 /* ForYouTests.swift in Sources */,
				3E8DE9DCDAC77E28EBD74B94 /* TriviaTests.swift in Sources */,
				0A8FAB535B2E7CFA19B624E9 /* FeedLowerModuleStatesTests.swift in Sources */,
				0995C256534991673A7514B5 /* FeedPolishTests.swift in Sources */,
				9604D65B53F241B6EA2E1852 /* SolarSkyTests.swift in Sources */,
				B6C236A36489EE42D5FD978E /* TimeAxisTests.swift in Sources */,
				4C81E5476FCD47D8D9255B67 /* HorizonPaletteTests.swift in Sources */,
				729B158B317B49C480E0BAA2 /* HorizonDayTests.swift in Sources */,
			);
			runOnlyForDeploymentPostprocessing = 0;
		};
		EBBFA6EC2FF473FB00A2EDB1 /* Sources */ = {
			isa = PBXSourcesBuildPhase;
			buildActionMask = 2147483647;
			files = (
			);
			runOnlyForDeploymentPostprocessing = 0;
		};
/* End PBXSourcesBuildPhase section */

/* Begin PBXTargetDependency section */
		3FB32C2F1333A17E94A4C905 /* PBXTargetDependency */ = {
			isa = PBXTargetDependency;
			name = BlockParty;
			target = EBBFA6EF2FF473FB00A2EDB1 /* BlockParty */;
			targetProxy = 932A9E0B29CC85CC6367B650 /* PBXContainerItemProxy */;
		};
/* End PBXTargetDependency section */

/* Begin XCBuildConfiguration section */
		A40EAC5EC5E4EBCC9241C331 /* Release */ = {
			isa = XCBuildConfiguration;
			buildSettings = {
				BUNDLE_LOADER = "$(TEST_HOST)";
				CLANG_ENABLE_OBJC_WEAK = NO;
				CODE_SIGNING_ALLOWED = NO;
				GENERATE_INFOPLIST_FILE = YES;
				IPHONEOS_DEPLOYMENT_TARGET = 26.5;
				PRODUCT_BUNDLE_IDENTIFIER = Jesse.BlockPartyTests;
				PRODUCT_NAME = "$(TARGET_NAME)";
				SDKROOT = iphoneos;
				SWIFT_EMIT_LOC_STRINGS = NO;
				SWIFT_VERSION = 5.0;
				TEST_HOST = "$(BUILT_PRODUCTS_DIR)/BlockParty.app/BlockParty";
				VALIDATE_PRODUCT = YES;
			};
			name = Release;
		};
		C4E777FB1B4D0CA3F584D774 /* Debug */ = {
			isa = XCBuildConfiguration;
			buildSettings = {
				BUNDLE_LOADER = "$(TEST_HOST)";
				CLANG_ENABLE_OBJC_WEAK = NO;
				CODE_SIGNING_ALLOWED = NO;
				GENERATE_INFOPLIST_FILE = YES;
				IPHONEOS_DEPLOYMENT_TARGET = 26.5;
				PRODUCT_BUNDLE_IDENTIFIER = Jesse.BlockPartyTests;
				PRODUCT_NAME = "$(TARGET_NAME)";
				SDKROOT = iphoneos;
				SWIFT_EMIT_LOC_STRINGS = NO;
				SWIFT_VERSION = 5.0;
				TEST_HOST = "$(BUILT_PRODUCTS_DIR)/BlockParty.app/BlockParty";
			};
			name = Debug;
		};
		EBBFA6F92FF473FD00A2EDB1 /* Debug */ = {
			isa = XCBuildConfiguration;
			buildSettings = {
				ALWAYS_SEARCH_USER_PATHS = NO;
				ASSETCATALOG_COMPILER_GENERATE_SWIFT_ASSET_SYMBOL_EXTENSIONS = YES;
				CLANG_ANALYZER_NONNULL = YES;
				CLANG_ANALYZER_NUMBER_OBJECT_CONVERSION = YES_AGGRESSIVE;
				CLANG_CXX_LANGUAGE_STANDARD = "gnu++20";
				CLANG_ENABLE_MODULES = YES;
				CLANG_ENABLE_OBJC_ARC = YES;
				CLANG_ENABLE_OBJC_WEAK = YES;
				CLANG_WARN_BLOCK_CAPTURE_AUTORELEASING = YES;
				CLANG_WARN_BOOL_CONVERSION = YES;
				CLANG_WARN_COMMA = YES;
				CLANG_WARN_CONSTANT_CONVERSION = YES;
				CLANG_WARN_DEPRECATED_OBJC_IMPLEMENTATIONS = YES;
				CLANG_WARN_DIRECT_OBJC_ISA_USAGE = YES_ERROR;
				CLANG_WARN_DOCUMENTATION_COMMENTS = YES;
				CLANG_WARN_EMPTY_BODY = YES;
				CLANG_WARN_ENUM_CONVERSION = YES;
				CLANG_WARN_INFINITE_RECURSION = YES;
				CLANG_WARN_INT_CONVERSION = YES;
				CLANG_WARN_NON_LITERAL_NULL_CONVERSION = YES;
				CLANG_WARN_OBJC_IMPLICIT_RETAIN_SELF = YES;
				CLANG_WARN_OBJC_LITERAL_CONVERSION = YES;
				CLANG_WARN_OBJC_ROOT_CLASS = YES_ERROR;
				CLANG_WARN_QUOTED_INCLUDE_IN_FRAMEWORK_HEADER = YES;
				CLANG_WARN_RANGE_LOOP_ANALYSIS = YES;
				CLANG_WARN_STRICT_PROTOTYPES = YES;
				CLANG_WARN_SUSPICIOUS_MOVE = YES;
				CLANG_WARN_UNGUARDED_AVAILABILITY = YES_AGGRESSIVE;
				CLANG_WARN_UNREACHABLE_CODE = YES;
				CLANG_WARN__DUPLICATE_METHOD_MATCH = YES;
				COPY_PHASE_STRIP = NO;
				DEBUG_INFORMATION_FORMAT = dwarf;
				ENABLE_STRICT_OBJC_MSGSEND = YES;
				ENABLE_TESTABILITY = YES;
				ENABLE_USER_SCRIPT_SANDBOXING = YES;
				GCC_C_LANGUAGE_STANDARD = gnu17;
				GCC_DYNAMIC_NO_PIC = NO;
				GCC_NO_COMMON_BLOCKS = YES;
				GCC_OPTIMIZATION_LEVEL = 0;
				GCC_PREPROCESSOR_DEFINITIONS = (
					"DEBUG=1",
					"$(inherited)",
				);
				GCC_WARN_64_TO_32_BIT_CONVERSION = YES;
				GCC_WARN_ABOUT_RETURN_TYPE = YES_ERROR;
				GCC_WARN_UNDECLARED_SELECTOR = YES;
				GCC_WARN_UNINITIALIZED_AUTOS = YES_AGGRESSIVE;
				GCC_WARN_UNUSED_FUNCTION = YES;
				GCC_WARN_UNUSED_VARIABLE = YES;
				IPHONEOS_DEPLOYMENT_TARGET = 26.5;
				LOCALIZATION_PREFERS_STRING_CATALOGS = YES;
				MTL_ENABLE_DEBUG_INFO = INCLUDE_SOURCE;
				MTL_FAST_MATH = YES;
				ONLY_ACTIVE_ARCH = YES;
				SDKROOT = iphoneos;
				SWIFT_ACTIVE_COMPILATION_CONDITIONS = "DEBUG $(inherited)";
				SWIFT_OPTIMIZATION_LEVEL = "-Onone";
			};
			name = Debug;
		};
		EBBFA6FA2FF473FD00A2EDB1 /* Release */ = {
			isa = XCBuildConfiguration;
			buildSettings = {
				ALWAYS_SEARCH_USER_PATHS = NO;
				ASSETCATALOG_COMPILER_GENERATE_SWIFT_ASSET_SYMBOL_EXTENSIONS = YES;
				CLANG_ANALYZER_NONNULL = YES;
				CLANG_ANALYZER_NUMBER_OBJECT_CONVERSION = YES_AGGRESSIVE;
				CLANG_CXX_LANGUAGE_STANDARD = "gnu++20";
				CLANG_ENABLE_MODULES = YES;
				CLANG_ENABLE_OBJC_ARC = YES;
				CLANG_ENABLE_OBJC_WEAK = YES;
				CLANG_WARN_BLOCK_CAPTURE_AUTORELEASING = YES;
				CLANG_WARN_BOOL_CONVERSION = YES;
				CLANG_WARN_COMMA = YES;
				CLANG_WARN_CONSTANT_CONVERSION = YES;
				CLANG_WARN_DEPRECATED_OBJC_IMPLEMENTATIONS = YES;
				CLANG_WARN_DIRECT_OBJC_ISA_USAGE = YES_ERROR;
				CLANG_WARN_DOCUMENTATION_COMMENTS = YES;
				CLANG_WARN_EMPTY_BODY = YES;
				CLANG_WARN_ENUM_CONVERSION = YES;
				CLANG_WARN_INFINITE_RECURSION = YES;
				CLANG_WARN_INT_CONVERSION = YES;
				CLANG_WARN_NON_LITERAL_NULL_CONVERSION = YES;
				CLANG_WARN_OBJC_IMPLICIT_RETAIN_SELF = YES;
				CLANG_WARN_OBJC_LITERAL_CONVERSION = YES;
				CLANG_WARN_OBJC_ROOT_CLASS = YES_ERROR;
				CLANG_WARN_QUOTED_INCLUDE_IN_FRAMEWORK_HEADER = YES;
				CLANG_WARN_RANGE_LOOP_ANALYSIS = YES;
				CLANG_WARN_STRICT_PROTOTYPES = YES;
				CLANG_WARN_SUSPICIOUS_MOVE = YES;
				CLANG_WARN_UNGUARDED_AVAILABILITY = YES_AGGRESSIVE;
				CLANG_WARN_UNREACHABLE_CODE = YES;
				CLANG_WARN__DUPLICATE_METHOD_MATCH = YES;
				COPY_PHASE_STRIP = NO;
				DEBUG_INFORMATION_FORMAT = "dwarf-with-dsym";
				ENABLE_NS_ASSERTIONS = NO;
				ENABLE_STRICT_OBJC_MSGSEND = YES;
				ENABLE_USER_SCRIPT_SANDBOXING = YES;
				GCC_C_LANGUAGE_STANDARD = gnu17;
				GCC_NO_COMMON_BLOCKS = YES;
				GCC_WARN_64_TO_32_BIT_CONVERSION = YES;
				GCC_WARN_ABOUT_RETURN_TYPE = YES_ERROR;
				GCC_WARN_UNDECLARED_SELECTOR = YES;
				GCC_WARN_UNINITIALIZED_AUTOS = YES_AGGRESSIVE;
				GCC_WARN_UNUSED_FUNCTION = YES;
				GCC_WARN_UNUSED_VARIABLE = YES;
				IPHONEOS_DEPLOYMENT_TARGET = 26.5;
				LOCALIZATION_PREFERS_STRING_CATALOGS = YES;
				MTL_ENABLE_DEBUG_INFO = NO;
				MTL_FAST_MATH = YES;
				SDKROOT = iphoneos;
				SWIFT_COMPILATION_MODE = wholemodule;
				VALIDATE_PRODUCT = YES;
			};
			name = Release;
		};
		EBBFA6FC2FF473FD00A2EDB1 /* Debug */ = {
			isa = XCBuildConfiguration;
			buildSettings = {
				ASSETCATALOG_COMPILER_APPICON_NAME = AppIcon;
				ASSETCATALOG_COMPILER_GLOBAL_ACCENT_COLOR_NAME = AccentColor;
				CODE_SIGN_STYLE = Automatic;
				CURRENT_PROJECT_VERSION = 1;
				DEVELOPMENT_TEAM = 5Z6CXL9QA8;
				ENABLE_PREVIEWS = YES;
				GENERATE_INFOPLIST_FILE = YES;
				INFOPLIST_KEY_CFBundleDisplayName = "Block Party";
				INFOPLIST_KEY_NSCalendarsWriteOnlyAccessUsageDescription = "Block Party adds St. Joseph events to your Apple Calendar when you tap Add.";
				INFOPLIST_KEY_NSLocationWhenInUseUsageDescription = "Block Party uses your location to show what's happening close by in St. Joseph.";
				INFOPLIST_KEY_NSPhotoLibraryAddUsageDescription = "Block Party saves the share card to your Photos when you tap Save image.";
				INFOPLIST_KEY_UIApplicationSceneManifest_Generation = YES;
				INFOPLIST_KEY_UIApplicationSupportsIndirectInputEvents = YES;
				INFOPLIST_KEY_UILaunchScreen_Generation = YES;
				INFOPLIST_KEY_UISupportedInterfaceOrientations_iPad = "UIInterfaceOrientationPortrait UIInterfaceOrientationPortraitUpsideDown UIInterfaceOrientationLandscapeLeft UIInterfaceOrientationLandscapeRight";
				INFOPLIST_KEY_UISupportedInterfaceOrientations_iPhone = "UIInterfaceOrientationPortrait UIInterfaceOrientationLandscapeLeft UIInterfaceOrientationLandscapeRight";
				LD_RUNPATH_SEARCH_PATHS = (
					"$(inherited)",
					"@executable_path/Frameworks",
				);
				MARKETING_VERSION = 1.0;
				PRODUCT_BUNDLE_IDENTIFIER = Jesse.BlockParty;
				PRODUCT_NAME = "$(TARGET_NAME)";
				STRING_CATALOG_GENERATE_SYMBOLS = YES;
				SWIFT_APPROACHABLE_CONCURRENCY = YES;
				SWIFT_DEFAULT_ACTOR_ISOLATION = MainActor;
				SWIFT_EMIT_LOC_STRINGS = YES;
				SWIFT_UPCOMING_FEATURE_MEMBER_IMPORT_VISIBILITY = YES;
				SWIFT_VERSION = 5.0;
				TARGETED_DEVICE_FAMILY = "1,2";
			};
			name = Debug;
		};
		EBBFA6FD2FF473FD00A2EDB1 /* Release */ = {
			isa = XCBuildConfiguration;
			buildSettings = {
				ASSETCATALOG_COMPILER_APPICON_NAME = AppIcon;
				ASSETCATALOG_COMPILER_GLOBAL_ACCENT_COLOR_NAME = AccentColor;
				CODE_SIGN_STYLE = Automatic;
				CURRENT_PROJECT_VERSION = 1;
				DEVELOPMENT_TEAM = 5Z6CXL9QA8;
				ENABLE_PREVIEWS = YES;
				GENERATE_INFOPLIST_FILE = YES;
				INFOPLIST_KEY_CFBundleDisplayName = "Block Party";
				INFOPLIST_KEY_NSCalendarsWriteOnlyAccessUsageDescription = "Block Party adds St. Joseph events to your Apple Calendar when you tap Add.";
				INFOPLIST_KEY_NSLocationWhenInUseUsageDescription = "Block Party uses your location to show what's happening close by in St. Joseph.";
				INFOPLIST_KEY_NSPhotoLibraryAddUsageDescription = "Block Party saves the share card to your Photos when you tap Save image.";
				INFOPLIST_KEY_UIApplicationSceneManifest_Generation = YES;
				INFOPLIST_KEY_UIApplicationSupportsIndirectInputEvents = YES;
				INFOPLIST_KEY_UILaunchScreen_Generation = YES;
				INFOPLIST_KEY_UISupportedInterfaceOrientations_iPad = "UIInterfaceOrientationPortrait UIInterfaceOrientationPortraitUpsideDown UIInterfaceOrientationLandscapeLeft UIInterfaceOrientationLandscapeRight";
				INFOPLIST_KEY_UISupportedInterfaceOrientations_iPhone = "UIInterfaceOrientationPortrait UIInterfaceOrientationLandscapeLeft UIInterfaceOrientationLandscapeRight";
				LD_RUNPATH_SEARCH_PATHS = (
					"$(inherited)",
					"@executable_path/Frameworks",
				);
				MARKETING_VERSION = 1.0;
				PRODUCT_BUNDLE_IDENTIFIER = Jesse.BlockParty;
				PRODUCT_NAME = "$(TARGET_NAME)";
				STRING_CATALOG_GENERATE_SYMBOLS = YES;
				SWIFT_APPROACHABLE_CONCURRENCY = YES;
				SWIFT_DEFAULT_ACTOR_ISOLATION = MainActor;
				SWIFT_EMIT_LOC_STRINGS = YES;
				SWIFT_UPCOMING_FEATURE_MEMBER_IMPORT_VISIBILITY = YES;
				SWIFT_VERSION = 5.0;
				TARGETED_DEVICE_FAMILY = "1,2";
			};
			name = Release;
		};
/* End XCBuildConfiguration section */

/* Begin XCConfigurationList section */
		08BBA07F3B1CD990870E35D5 /* Build configuration list for PBXNativeTarget "BlockPartyTests" */ = {
			isa = XCConfigurationList;
			buildConfigurations = (
				A40EAC5EC5E4EBCC9241C331 /* Release */,
				C4E777FB1B4D0CA3F584D774 /* Debug */,
			);
			defaultConfigurationIsVisible = 0;
			defaultConfigurationName = Release;
		};
		EBBFA6EB2FF473FB00A2EDB1 /* Build configuration list for PBXProject "BlockParty" */ = {
			isa = XCConfigurationList;
			buildConfigurations = (
				EBBFA6F92FF473FD00A2EDB1 /* Debug */,
				EBBFA6FA2FF473FD00A2EDB1 /* Release */,
			);
			defaultConfigurationIsVisible = 0;
			defaultConfigurationName = Release;
		};
		EBBFA6FB2FF473FD00A2EDB1 /* Build configuration list for PBXNativeTarget "BlockParty" */ = {
			isa = XCConfigurationList;
			buildConfigurations = (
				EBBFA6FC2FF473FD00A2EDB1 /* Debug */,
				EBBFA6FD2FF473FD00A2EDB1 /* Release */,
			);
			defaultConfigurationIsVisible = 0;
			defaultConfigurationName = Release;
		};
/* End XCConfigurationList section */

/* Begin XCRemoteSwiftPackageReference section */
		EBD0A2692FF82901009CD00C /* XCRemoteSwiftPackageReference "mapbox-maps-ios" */ = {
			isa = XCRemoteSwiftPackageReference;
			repositoryURL = "https://github.com/mapbox/mapbox-maps-ios";
			requirement = {
				kind = upToNextMajorVersion;
				minimumVersion = 11.0.0;
			};
		};
/* End XCRemoteSwiftPackageReference section */

/* Begin XCSwiftPackageProductDependency section */
		EBD0A26A2FF82901009CD00C /* MapboxMaps */ = {
			isa = XCSwiftPackageProductDependency;
			package = EBD0A2692FF82901009CD00C /* XCRemoteSwiftPackageReference "mapbox-maps-ios" */;
			productName = MapboxMaps;
		};
/* End XCSwiftPackageProductDependency section */
	};
	rootObject = EBBFA6E82FF473FB00A2EDB1 /* Project object */;
}
